// !$*UTF8*$!
{
	archiveVersion = 1;
	classes = {
	};
	objectVersion = 77;
	objects = {

/* Begin PBXBuildFile section */
		312E71C22D99B57700848FB4 /* BasicAppJsonApp.swift in Sources */ = {isa = PBXBuildFile; fileRef = 312E71BF2D99B57700848FB4 /* BasicAppJsonApp.swift */; };
		312E71C32D99B57700848FB4 /* BreedsView.swift in Sources */ = {isa = PBXBuildFile; fileRef = 312E71C02D99B57700848FB4 /* BreedsView.swift */; };
		312E71C42D99B57700848FB4 /* Preview Assets.xcassets in Resources */ = {isa = PBXBuildFile; fileRef = 312E71BC2D99B57700848FB4 /* Preview Assets.xcassets */; };
		312E71C52D99B57700848FB4 /* Assets.xcassets in Resources */ = {isa = PBXBuildFile; fileRef = 312E71BE2D99B57700848FB4 /* Assets.xcassets */; };
		312E71CC2D99B6D400848FB4 /* dogbreedsenglish.json in Resources */ = {isa = PBXBuildFile; fileRef = 312E71CB2D99B6D400848FB4 /* dogbreedsenglish.json */; };
		312E71CE2D99B79700848FB4 /* BreedModel.swift in Sources */ = {isa = PBXBuildFile; fileRef = 312E71CD2D99B79300848FB4 /* BreedModel.swift */; };
		31A322302D9BA8D100DB3E71 /* dogbreeds_test.json in Resources */ = {isa = PBXBuildFile; fileRef = 31A3222F2D9BA8D100DB3E71 /* dogbreeds_test.json */; };
		31A322322D9BA96300DB3E71 /* TestRepository.swift in Sources */ = {isa = PBXBuildFile; fileRef = 31A322312D9BA95C00DB3E71 /* TestRepository.swift */; };
		31A322342D9BAA0600DB3E71 /* PreviewViews.swift in Sources */ = {isa = PBXBuildFile; fileRef = 31A322332D9BA9FA00DB3E71 /* PreviewViews.swift */; };
		31E32B212D9A56DC0099BB5B /* RepositoryProtocol.swift in Sources */ = {isa = PBXBuildFile; fileRef = 31E32B202D9A56D20099BB5B /* RepositoryProtocol.swift */; };
		31E32B232D9A57380099BB5B /* Repository.swift in Sources */ = {isa = PBXBuildFile; fileRef = 31E32B222D9A57310099BB5B /* Repository.swift */; };
		31E32B2E2D9A58B10099BB5B /* BreedVM.swift in Sources */ = {isa = PBXBuildFile; fileRef = 31E32B2D2D9A58A70099BB5B /* BreedVM.swift */; };
/* End PBXBuildFile section */

/* Begin PBXFileReference section */
		312E71AB2D99B55F00848FB4 /* BasicAppJson.app */ = {isa = PBXFileReference; explicitFileType = wrapper.application; includeInIndex = 0; path = BasicAppJson.app; sourceTree = BUILT_PRODUCTS_DIR; };
		312E71BC2D99B57700848FB4 /* Preview Assets.xcassets */ = {isa = PBXFileReference; lastKnownFileType = folder.assetcatalog; path = "Preview Assets.xcassets"; sourceTree = "<group>"; };
		312E71BE2D99B57700848FB4 /* Assets.xcassets */ = {isa = PBXFileReference; lastKnownFileType = folder.assetcatalog; path = Assets.xcassets; sourceTree = "<group>"; };
		312E71BF2D99B57700848FB4 /* BasicAppJsonApp.swift */ = {isa = PBXFileReference; lastKnownFileType = sourcecode.swift; path = BasicAppJsonApp.swift; sourceTree = "<group>"; };
		312E71C02D99B57700848FB4 /* BreedsView.swift */ = {isa = PBXFileReference; lastKnownFileType = sourcecode.swift; path = BreedsView.swift; sourceTree = "<group>"; };
		312E71CB2D99B6D400848FB4 /* dogbreedsenglish.json */ = {isa = PBXFileReference; lastKnownFileType = text.json; path = dogbreedsenglish.json; sourceTree = "<group>"; };
		312E71CD2D99B79300848FB4 /* BreedModel.swift */ = {isa = PBXFileReference; lastKnownFileType = sourcecode.swift; path = BreedModel.swift; sourceTree = "<group>"; };
		31A3222F2D9BA8D100DB3E71 /* dogbreeds_test.json */ = {isa = PBXFileReference; lastKnownFileType = text.json; path = dogbreeds_test.json; sourceTree = "<group>"; };
		31A322312D9BA95C00DB3E71 /* TestRepository.swift */ = {isa = PBXFileReference; lastKnownFileType = sourcecode.swift; path = TestRepository.swift; sourceTree = "<group>"; };
		31A322332D9BA9FA00DB3E71 /* PreviewViews.swift */ = {isa = PBXFileReference; lastKnownFileType = sourcecode.swift; path = PreviewViews.swift; sourceTree = "<group>"; };
		31E32B202D9A56D20099BB5B /* RepositoryProtocol.swift */ = {isa = PBXFileReference; lastKnownFileType = sourcecode.swift; path = RepositoryProtocol.swift; sourceTree = "<group>"; };
		31E32B222D9A57310099BB5B /* Repository.swift */ = {isa = PBXFileReference; lastKnownFileType = sourcecode.swift; path = Repository.swift; sourceTree = "<group>"; };
		31E32B2D2D9A58A70099BB5B /* BreedVM.swift */ = {isa = PBXFileReference; lastKnownFileType = sourcecode.swift; path = BreedVM.swift; sourceTree = "<group>"; };
/* End PBXFileReference section */

/* Begin PBXFrameworksBuildPhase section */
		312E71A82D99B55F00848FB4 /* Frameworks */ = {
			isa = PBXFrameworksBuildPhase;
			buildActionMask = 2147483647;
			files = (
			);
			runOnlyForDeploymentPostprocessing = 0;
		};
/* End PBXFrameworksBuildPhase section */

/* Begin PBXGroup section */
		312E71A22D99B55F00848FB4 = {
			isa = PBXGroup;
			children = (
				312E71C12D99B57700848FB4 /* BasicAppJson */,
				312E71AC2D99B55F00848FB4 /* Products */,
			);
			sourceTree = "<group>";
		};
		312E71AC2D99B55F00848FB4 /* Products */ = {
			isa = PBXGroup;
			children = (
				312E71AB2D99B55F00848FB4 /* BasicAppJson.app */,
			);
			name = Products;
			sourceTree = "<group>";
		};
		312E71BD2D99B57700848FB4 /* Preview Content */ = {
			isa = PBXGroup;
			children = (
				312E71BC2D99B57700848FB4 /* Preview Assets.xcassets */,
				31A3222F2D9BA8D100DB3E71 /* dogbreeds_test.json */,
				31A322312D9BA95C00DB3E71 /* TestRepository.swift */,
				31A322332D9BA9FA00DB3E71 /* PreviewViews.swift */,
			);
			path = "Preview Content";
			sourceTree = "<group>";
		};
		312E71C12D99B57700848FB4 /* BasicAppJson */ = {
			isa = PBXGroup;
			children = (
				312E71C72D99B59600848FB4 /* Views */,
				312E71C82D99B5B100848FB4 /* ViewModel */,
				31E32B1F2D9A56AA0099BB5B /* Repository */,
				312E71C92D99B5D300848FB4 /* Model */,
				312E71CA2D99B6B900848FB4 /* Resources */,
				312E71C62D99B58800848FB4 /* System */,
				312E71BD2D99B57700848FB4 /* Preview Content */,
			);
			path = BasicAppJson;
			sourceTree = "<group>";
		};
		312E71C62D99B58800848FB4 /* System */ = {
			isa = PBXGroup;
			children = (
				312E71BE2D99B57700848FB4 /* Assets.xcassets */,
				312E71BF2D99B57700848FB4 /* BasicAppJsonApp.swift */,
			);
			path = System;
			sourceTree = "<group>";
		};
		312E71C72D99B59600848FB4 /* Views */ = {
			isa = PBXGroup;
			children = (
				312E71C02D99B57700848FB4 /* BreedsView.swift */,
			);
			path = Views;
			sourceTree = "<group>";
		};
		312E71C82D99B5B100848FB4 /* ViewModel */ = {
			isa = PBXGroup;
			children = (
				31E32B2D2D9A58A70099BB5B /* BreedVM.swift */,
			);
			path = ViewModel;
			sourceTree = "<group>";
		};
		312E71C92D99B5D300848FB4 /* Model */ = {
			isa = PBXGroup;
			children = (
				312E71CD2D99B79300848FB4 /* BreedModel.swift */,
			);
			path = Model;
			sourceTree = "<group>";
		};
		312E71CA2D99B6B900848FB4 /* Resources */ = {
			isa = PBXGroup;
			children = (
				312E71CB2D99B6D400848FB4 /* dogbreedsenglish.json */,
			);
			path = Resources;
			sourceTree = "<group>";
		};
		31E32B1F2D9A56AA0099BB5B /* Repository */ = {
			isa = PBXGroup;
			children = (
				31E32B202D9A56D20099BB5B /* RepositoryProtocol.swift */,
				31E32B222D9A57310099BB5B /* Repository.swift */,
			);
			path = Repository;
			sourceTree = "<group>";
		};
/* End PBXGroup section */

/* Begin PBXNativeTarget section */
		312E71AA2D99B55F00848FB4 /* BasicAppJson */ = {
			isa = PBXNativeTarget;
			buildConfigurationList = 312E71B92D99B56100848FB4 /* Build configuration list for PBXNativeTarget "BasicAppJson" */;
			buildPhases = (
				312E71A72D99B55F00848FB4 /* Sources */,
				312E71A82D99B55F00848FB4 /* Frameworks */,
				312E71A92D99B55F00848FB4 /* Resources */,
			);
			buildRules = (
			);
			dependencies = (
			);
			name = BasicAppJson;
			packageProductDependencies = (
			);
			productName = BasicAppJson;
			productReference = 312E71AB2D99B55F00848FB4 /* BasicAppJson.app */;
			productType = "com.apple.product-type.application";
		};
/* End PBXNativeTarget section */

/* Begin PBXProject section */
		312E71A32D99B55F00848FB4 /* Project object */ = {
			isa = PBXProject;
			attributes = {
				BuildIndependentTargetsInParallel = 1;
				LastSwiftUpdateCheck = 1620;
				LastUpgradeCheck = 1620;
				TargetAttributes = {
					312E71AA2D99B55F00848FB4 = {
						CreatedOnToolsVersion = 16.2;
					};
				};
			};
			buildConfigurationList = 312E71A62D99B55F00848FB4 /* Build configuration list for PBXProject "BasicAppJson" */;
			developmentRegion = en;
			hasScannedForEncodings = 0;
			knownRegions = (
				en,
				Base,
			);
			mainGroup = 312E71A22D99B55F00848FB4;
			minimizedProjectReferenceProxies = 1;
			preferredProjectObjectVersion = 77;
			productRefGroup = 312E71AC2D99B55F00848FB4 /* Products */;
			projectDirPath = "";
			projectRoot = "";
			targets = (
				312E71AA2D99B55F00848FB4 /* BasicAppJson */,
			);
		};
/* End PBXProject section */

/* Begin PBXResourcesBuildPhase section */
		312E71A92D99B55F00848FB4 /* Resources */ = {
			isa = PBXResourcesBuildPhase;
			buildActionMask = 2147483647;
			files = (
				312E71C42D99B57700848FB4 /* Preview Assets.xcassets in Resources */,
				31A322302D9BA8D100DB3E71 /* dogbreeds_test.json in Resources */,
				312E71C52D99B57700848FB4 /* Assets.xcassets in Resources */,
				312E71CC2D99B6D400848FB4 /* dogbreedsenglish.json in Resources */,
			);
			runOnlyForDeploymentPostprocessing = 0;
		};
/* End PBXResourcesBuildPhase section */

/* Begin PBXSourcesBuildPhase section */
		312E71A72D99B55F00848FB4 /* Sources */ = {
			isa = PBXSourcesBuildPhase;
			buildActionMask = 2147483647;
			files = (
				31A322342D9BAA0600DB3E71 /* PreviewViews.swift in Sources */,
				312E71CE2D99B79700848FB4 /* BreedModel.swift in Sources */,
				31E32B212D9A56DC0099BB5B /* RepositoryProtocol.swift in Sources */,
				31E32B232D9A57380099BB5B /* Repository.swift in Sources */,
				312E71C22D99B57700848FB4 /* BasicAppJsonApp.swift in Sources */,
				312E71C32D99B57700848FB4 /* BreedsView.swift in Sources */,
				31A322322D9BA96300DB3E71 /* TestRepository.swift in Sources */,
				31E32B2E2D9A58B10099BB5B /* BreedVM.swift in Sources */,
			);
			runOnlyForDeploymentPostprocessing = 0;
		};
/* End PBXSourcesBuildPhase section */

/* Begin XCBuildConfiguration section */
		312E71B72D99B56100848FB4 /* Debug */ = {
			isa = XCBuildConfiguration;
			buildSettings = {
				ALWAYS_SEARCH_USER_PATHS = NO;
				ASSETCATALOG_COMPILER_GENERATE_SWIFT_ASSET_SYMBOL_EXTENSIONS = YES;
				CLANG_ANALYZER_NONNULL = YES;
				CLANG_ANALYZER_NUMBER_OBJECT_CONVERSION = YES_AGGRESSIVE;
				CLANG_CXX_LANGUAGE_STANDARD = "gnu++20";
				CLANG_ENABLE_MODULES = YES;
				CLANG_ENABLE_OBJC_ARC = YES;
				CLANG_ENABLE_OBJC_WEAK = YES;
				CLANG_WARN_BLOCK_CAPTURE_AUTORELEASING = YES;
				CLANG_WARN_BOOL_CONVERSION = YES;
				CLANG_WARN_COMMA = YES;
				CLANG_WARN_CONSTANT_CONVERSION = YES;
				CLANG_WARN_DEPRECATED_OBJC_IMPLEMENTATIONS = YES;
				CLANG_WARN_DIRECT_OBJC_ISA_USAGE = YES_ERROR;
				CLANG_WARN_DOCUMENTATION_COMMENTS = YES;
				CLANG_WARN_EMPTY_BODY = YES;
				CLANG_WARN_ENUM_CONVERSION = YES;
				CLANG_WARN_INFINITE_RECURSION = YES;
				CLANG_WARN_INT_CONVERSION = YES;
				CLANG_WARN_NON_LITERAL_NULL_CONVERSION = YES;
				CLANG_WARN_OBJC_IMPLICIT_RETAIN_SELF = YES;
				CLANG_WARN_OBJC_LITERAL_CONVERSION = YES;
				CLANG_WARN_OBJC_ROOT_CLASS = YES_ERROR;
				CLANG_WARN_QUOTED_INCLUDE_IN_FRAMEWORK_HEADER = YES;
				CLANG_WARN_RANGE_LOOP_ANALYSIS = YES;
				CLANG_WARN_STRICT_PROTOTYPES = YES;
				CLANG_WARN_SUSPICIOUS_MOVE = YES;
				CLANG_WARN_UNGUARDED_AVAILABILITY = YES_AGGRESSIVE;
				CLANG_WARN_UNREACHABLE_CODE = YES;
				CLANG_WARN__DUPLICATE_METHOD_MATCH = YES;
				COPY_PHASE_STRIP = NO;
				DEBUG_INFORMATION_FORMAT = dwarf;
				ENABLE_STRICT_OBJC_MSGSEND = YES;
				ENABLE_TESTABILITY = YES;
				ENABLE_USER_SCRIPT_SANDBOXING = YES;
				GCC_C_LANGUAGE_STANDARD = gnu17;
				GCC_DYNAMIC_NO_PIC = NO;
				GCC_NO_COMMON_BLOCKS = YES;
				GCC_OPTIMIZATION_LEVEL = 0;
				GCC_PREPROCESSOR_DEFINITIONS = (
					"DEBUG=1",
					"$(inherited)",
				);
				GCC_WARN_64_TO_32_BIT_CONVERSION = YES;
				GCC_WARN_ABOUT_RETURN_TYPE = YES_ERROR;
				GCC_WARN_UNDECLARED_SELECTOR = YES;
				GCC_WARN_UNINITIALIZED_AUTOS = YES_AGGRESSIVE;
				GCC_WARN_UNUSED_FUNCTION = YES;
				GCC_WARN_UNUSED_VARIABLE = YES;
				IPHONEOS_DEPLOYMENT_TARGET = 18.2;
				LOCALIZATION_PREFERS_STRING_CATALOGS = YES;
				MTL_ENABLE_DEBUG_INFO = INCLUDE_SOURCE;
				MTL_FAST_MATH = YES;
				ONLY_ACTIVE_ARCH = YES;
				SDKROOT = iphoneos;
				SWIFT_ACTIVE_COMPILATION_CONDITIONS = "DEBUG $(inherited)";
				SWIFT_OPTIMIZATION_LEVEL = "-Onone";
				SWIFT_VERSION = 6.0;
			};
			name = Debug;
		};
		312E71B82D99B56100848FB4 /* Release */ = {
			isa = XCBuildConfiguration;
			buildSettings = {
				ALWAYS_SEARCH_USER_PATHS = NO;
				ASSETCATALOG_COMPILER_GENERATE_SWIFT_ASSET_SYMBOL_EXTENSIONS = YES;
				CLANG_ANALYZER_NONNULL = YES;
				CLANG_ANALYZER_NUMBER_OBJECT_CONVERSION = YES_AGGRESSIVE;
				CLANG_CXX_LANGUAGE_STANDARD = "gnu++20";
				CLANG_ENABLE_MODULES = YES;
				CLANG_ENABLE_OBJC_ARC = YES;
				CLANG_ENABLE_OBJC_WEAK = YES;
				CLANG_WARN_BLOCK_CAPTURE_AUTORELEASING = YES;
				CLANG_WARN_BOOL_CONVERSION = YES;
				CLANG_WARN_COMMA = YES;
				CLANG_WARN_CONSTANT_CONVERSION = YES;
				CLANG_WARN_DEPRECATED_OBJC_IMPLEMENTATIONS = YES;
				CLANG_WARN_DIRECT_OBJC_ISA_USAGE = YES_ERROR;
				CLANG_WARN_DOCUMENTATION_COMMENTS = YES;
				CLANG_WARN_EMPTY_BODY = YES;
				CLANG_WARN_ENUM_CONVERSION = YES;
				CLANG_WARN_INFINITE_RECURSION = YES;
				CLANG_WARN_INT_CONVERSION = YES;
				CLANG_WARN_NON_LITERAL_NULL_CONVERSION = YES;
				CLANG_WARN_OBJC_IMPLICIT_RETAIN_SELF = YES;
				CLANG_WARN_OBJC_LITERAL_CONVERSION = YES;
				CLANG_WARN_OBJC_ROOT_CLASS = YES_ERROR;
				CLANG_WARN_QUOTED_INCLUDE_IN_FRAMEWORK_HEADER = YES;
				CLANG_WARN_RANGE_LOOP_ANALYSIS = YES;
				CLANG_WARN_STRICT_PROTOTYPES = YES;
				CLANG_WARN_SUSPICIOUS_MOVE = YES;
				CLANG_WARN_UNGUARDED_AVAILABILITY = YES_AGGRESSIVE;
				CLANG_WARN_UNREACHABLE_CODE = YES;
				CLANG_WARN__DUPLICATE_METHOD_MATCH = YES;
				COPY_PHASE_STRIP = NO;
				DEBUG_INFORMATION_FORMAT = "dwarf-with-dsym";
				ENABLE_NS_ASSERTIONS = NO;
				ENABLE_STRICT_OBJC_MSGSEND = YES;
				ENABLE_USER_SCRIPT_SANDBOXING = YES;
				GCC_C_LANGUAGE_STANDARD = gnu17;
				GCC_NO_COMMON_BLOCKS = YES;
				GCC_WARN_64_TO_32_BIT_CONVERSION = YES;
				GCC_WARN_ABOUT_RETURN_TYPE = YES_ERROR;
				GCC_WARN_UNDECLARED_SELECTOR = YES;
				GCC_WARN_UNINITIALIZED_AUTOS = YES_AGGRESSIVE;
				GCC_WARN_UNUSED_FUNCTION = YES;
				GCC_WARN_UNUSED_VARIABLE = YES;
				IPHONEOS_DEPLOYMENT_TARGET = 18.2;
				LOCALIZATION_PREFERS_STRING_CATALOGS = YES;
				MTL_ENABLE_DEBUG_INFO = NO;
				MTL_FAST_MATH = YES;
				SDKROOT = iphoneos;
				SWIFT_COMPILATION_MODE = wholemodule;
				SWIFT_VERSION = 6.0;
				VALIDATE_PRODUCT = YES;
			};
			name = Release;
		};
		312E71BA2D99B56100848FB4 /* Debug */ = {
			isa = XCBuildConfiguration;
			buildSettings = {
				ASSETCATALOG_COMPILER_APPICON_NAME = AppIcon;
				ASSETCATALOG_COMPILER_GLOBAL_ACCENT_COLOR_NAME = AccentColor;
				CODE_SIGN_STYLE = Automatic;
				CURRENT_PROJECT_VERSION = 1;
				DEVELOPMENT_ASSET_PATHS = "\"BasicAppJson/Preview Content\"";
				DEVELOPMENT_TEAM = 9WYAFDM6XW;
				ENABLE_PREVIEWS = YES;
				GENERATE_INFOPLIST_FILE = YES;
				INFOPLIST_KEY_UIApplicationSceneManifest_Generation = YES;
				INFOPLIST_KEY_UIApplicationSupportsIndirectInputEvents = YES;
				INFOPLIST_KEY_UILaunchScreen_Generation = YES;
				INFOPLIST_KEY_UISupportedInterfaceOrientations_iPad = "UIInterfaceOrientationPortrait UIInterfaceOrientationPortraitUpsideDown UIInterfaceOrientationLandscapeLeft UIInterfaceOrientationLandscapeRight";
				INFOPLIST_KEY_UISupportedInterfaceOrientations_iPhone = "UIInterfaceOrientationPortrait UIInterfaceOrientationLandscapeLeft UIInterfaceOrientationLandscapeRight";
				LD_RUNPATH_SEARCH_PATHS = (
					"$(inherited)",
					"@executable_path/Frameworks",
				);
				MARKETING_VERSION = 1.0;
				PRODUCT_BUNDLE_IDENTIFIER = com.nabusim.BasicAppJson;
				PRODUCT_NAME = "$(TARGET_NAME)";
				SWIFT_EMIT_LOC_STRINGS = YES;
				SWIFT_VERSION = 6.0;
				TARGETED_DEVICE_FAMILY = "1,2";
			};
			name = Debug;
		};
		312E71BB2D99B56100848FB4 /* Release */ = {
			isa = XCBuildConfiguration;
			buildSettings = {
				ASSETCATALOG_COMPILER_APPICON_NAME = AppIcon;
				ASSETCATALOG_COMPILER_GLOBAL_ACCENT_COLOR_NAME = AccentColor;
				CODE_SIGN_STYLE = Automatic;
				CURRENT_PROJECT_VERSION = 1;
				DEVELOPMENT_ASSET_PATHS = "\"BasicAppJson/Preview Content\"";
				DEVELOPMENT_TEAM = 9WYAFDM6XW;
				ENABLE_PREVIEWS = YES;
				GENERATE_INFOPLIST_FILE = YES;
				INFOPLIST_KEY_UIApplicationSceneManifest_Generation = YES;
				INFOPLIST_KEY_UIApplicationSupportsIndirectInputEvents = YES;
				INFOPLIST_KEY_UILaunchScreen_Generation = YES;
				INFOPLIST_KEY_UISupportedInterfaceOrientations_iPad = "UIInterfaceOrientationPortrait UIInterfaceOrientationPortraitUpsideDown UIInterfaceOrientationLandscapeLeft UIInterfaceOrientationLandscapeRight";
				INFOPLIST_KEY_UISupportedInterfaceOrientations_iPhone = "UIInterfaceOrientationPortrait UIInterfaceOrientationLandscapeLeft UIInterfaceOrientationLandscapeRight";
				LD_RUNPATH_SEARCH_PATHS = (
					"$(inherited)",
					"@executable_path/Frameworks",
				);
				MARKETING_VERSION = 1.0;
				PRODUCT_BUNDLE_IDENTIFIER = com.nabusim.BasicAppJson;
				PRODUCT_NAME = "$(TARGET_NAME)";
				SWIFT_EMIT_LOC_STRINGS = YES;
				SWIFT_VERSION = 6.0;
				TARGETED_DEVICE_FAMILY = "1,2";
			};
			name = Release;
		};
/* End XCBuildConfiguration section */

/* Begin XCConfigurationList section */
		312E71A62D99B55F00848FB4 /* Build configuration list for PBXProject "BasicAppJson" */ = {
			isa = XCConfigurationList;
			buildConfigurations = (
				312E71B72D99B56100848FB4 /* Debug */,
				312E71B82D99B56100848FB4 /* Release */,
			);
			defaultConfigurationIsVisible = 0;
			defaultConfigurationName = Release;
		};
		312E71B92D99B56100848FB4 /* Build configuration list for PBXNativeTarget "BasicAppJson" */ = {
			isa = XCConfigurationList;
			buildConfigurations = (
				312E71BA2D99B56100848FB4 /* Debug */,
				312E71BB2D99B56100848FB4 /* Release */,
			);
			defaultConfigurationIsVisible = 0;
			defaultConfigurationName = Release;
		};
/* End XCConfigurationList section */
	};
	rootObject = 312E71A32D99B55F00848FB4 /* Project object */;
}
